{
  "object": {
    "pins": [
      {
        "package": "Avatars",
        "repositoryURL": "https://github.com/Appsaurus/Avatars",
        "state": {
          "branch": null,
          "revision": "f9d00e4cc330dfc86c0bf92092249ab84ef82287",
          "version": "1.0.1"
        }
      },
      {
        "package": "Codability",
        "repositoryURL": "https://github.com/yonaskolb/Codability.git",
        "state": {
          "branch": null,
          "revision": "eb5bac78e0679f521c3f058c1eb9be0dd657dadd",
          "version": "0.2.1"
        }
      },
      {
        "package": "CodableExtensions",
        "repositoryURL": "https://github.com/Appsaurus/CodableExtensions",
        "state": {
          "branch": null,
          "revision": "4b8e1fafe94ac99fa53118d63a1ce8b7f075fa67",
          "version": "1.0.0"
        }
      },
      {
        "package": "CRuntime",
        "repositoryURL": "https://github.com/wickwirew/CRuntime.git",
        "state": {
          "branch": null,
          "revision": "95f911318d8c885f6fc05e971471f94adfd39405",
          "version": "2.1.2"
        }
      },
      {
        "package": "Fakery",
        "repositoryURL": "https://github.com/Appsaurus/Fakery",
        "state": {
          "branch": null,
          "revision": "d2f4dd5e362718a218df26bfcb2a875ba1633b21",
          "version": "3.4.2"
        }
      },
      {
        "package": "PlaceholderImages",
        "repositoryURL": "https://github.com/Appsaurus/PlaceholderImages",
        "state": {
          "branch": null,
          "revision": "f04b9a60eff34432c4edaa082dad8de316d1a60b",
          "version": "1.0.1"
        }
      },
      {
        "package": "Runtime",
        "repositoryURL": "https://github.com/wickwirew/Runtime",
        "state": {
          "branch": null,
          "revision": "c167476b07fe8cc65fdf064076a4081c3269d14a",
          "version": "2.1.0"
        }
      },
      {
        "package": "RuntimeExtensions",
        "repositoryURL": "https://github.com/Appsaurus/RuntimeExtensions",
        "state": {
          "branch": null,
          "revision": "6a5645ca767d25b9fc1cf4897efdce1cb90b6b9a",
          "version": "0.1.4"
        }
      },
      {
        "package": "SwiftTestUtils",
        "repositoryURL": "https://github.com/Appsaurus/SwiftTestUtils",
        "state": {
          "branch": null,
          "revision": "76b498f338b4249898656947fa2713747fa429f7",
          "version": "1.0.1"
        }
      }
    ]
  },
  "version": 1
}
