{
  "object": {
    "pins": [
      {
        "package": "Avatars",
        "repositoryURL": "https://github.com/Appsaurus/Avatars",
        "state": {
          "branch": null,
          "revision": "3100701cb84755c61bb356cde4026fdaeba31bc5",
          "version": "1.0.0"
        }
      },
      {
        "package": "Codability",
        "repositoryURL": "https://github.com/yonaskolb/Codability.git",
        "state": {
          "branch": null,
          "revision": "1b6006c243e30b9941bf0e994697d3e524ca2eb9",
          "version": "0.2.0"
        }
      },
      {
        "package": "CodableExtensions",
        "repositoryURL": "https://github.com/Appsaurus/CodableExtensions",
        "state": {
          "branch": null,
          "revision": "4b8e1fafe94ac99fa53118d63a1ce8b7f075fa67",
          "version": "1.0.0"
        }
      },
      {
        "package": "Fakery",
        "repositoryURL": "https://github.com/Appsaurus/Fakery",
        "state": {
          "branch": null,
          "revision": "3a2762b46bb1f8f1f9331a2d58a6e1bb4e391fc1",
          "version": "3.3.9"
        }
      },
      {
        "package": "PlaceholderImages",
        "repositoryURL": "https://github.com/Appsaurus/PlaceholderImages",
        "state": {
          "branch": null,
          "revision": "0b5f510ea7436a6f094c47a448b98de421185775",
          "version": "1.0.0"
        }
      },
      {
        "package": "Runtime",
        "repositoryURL": "https://github.com/wickwirew/Runtime",
        "state": {
          "branch": null,
          "revision": "23357609f0df427d870bb4bd22ac14e0a4ea1346",
          "version": "0.7.1"
        }
      },
      {
        "package": "RuntimeExtensions",
        "repositoryURL": "https://github.com/Appsaurus/RuntimeExtensions",
        "state": {
          "branch": null,
          "revision": "35d5388ac39c08459400b1314bed6da11facb85b",
          "version": "0.1.0"
        }
      },
      {
        "package": "SwiftTestUtils",
        "repositoryURL": "https://github.com/Appsaurus/SwiftTestUtils",
        "state": {
          "branch": null,
          "revision": "049813ba5a975dd0193e4613fe0f801844a25663",
          "version": "1.0.0"
        }
      }
    ]
  },
  "version": 1
}
