PODS:
  - Avatars (0.1.1)
  - Codability (0.2.1)
  - CodableExtensions (0.1.0):
    - Codability
    - RuntimeExtensions
  - Fakery (3.3.8)
  - PlaceholderImages (1.0.0)
  - RandomFactory (0.1.5):
    - Avatars
    - CodableExtensions
    - Fakery
    - PlaceholderImages
  - Runtime (0.7.1)
  - RuntimeExtensions (0.1.0):
    - Runtime

DEPENDENCIES:
  - Avatars (from `https://github.com/Appsaurus/Avatars`)
  - Codability (from `https://github.com/Appsaurus/Codability`)
  - CodableExtensions (from `https://github.com/Appsaurus/CodableExtensions`)
  - Fakery (from `https://github.com/Appsaurus/Fakery`)
  - PlaceholderImages (from `https://github.com/Appsaurus/PlaceholderImages`)
  - RandomFactory (from `../../`)
  - RuntimeExtensions (from `https://github.com/Appsaurus/RuntimeExtensions`)

SPEC REPOS:
  https://github.com/CocoaPods/Specs.git:
    - Runtime

EXTERNAL SOURCES:
  Avatars:
    :git: https://github.com/Appsaurus/Avatars
  Codability:
    :git: https://github.com/Appsaurus/Codability
  CodableExtensions:
    :git: https://github.com/Appsaurus/CodableExtensions
  Fakery:
    :git: https://github.com/Appsaurus/Fakery
  PlaceholderImages:
    :git: https://github.com/Appsaurus/PlaceholderImages
  RandomFactory:
    :path: "../../"
  RuntimeExtensions:
    :git: https://github.com/Appsaurus/RuntimeExtensions

CHECKOUT OPTIONS:
  Avatars:
    :commit: 3100701cb84755c61bb356cde4026fdaeba31bc5
    :git: https://github.com/Appsaurus/Avatars
  Codability:
    :commit: 55afc374ab844cc0363d44cc2c543ffb9cf05a3f
    :git: https://github.com/Appsaurus/Codability
  CodableExtensions:
    :commit: dfcdeb516328e2d68c30bef2e93b14d88984aa1d
    :git: https://github.com/Appsaurus/CodableExtensions
  Fakery:
    :commit: 76c0ba80a550725b785d354b7db89104f7251e17
    :git: https://github.com/Appsaurus/Fakery
  PlaceholderImages:
    :commit: 0b5f510ea7436a6f094c47a448b98de421185775
    :git: https://github.com/Appsaurus/PlaceholderImages
  RuntimeExtensions:
    :commit: 515ea89f5fc1345dbb681a823f91dcb6435e0493
    :git: https://github.com/Appsaurus/RuntimeExtensions

SPEC CHECKSUMS:
  Avatars: f5053a48fa9cfaf33826fe4b6616ae6a9706d776
  Codability: c888a339f4784c15a482b2180799e1836fc119aa
  CodableExtensions: 94e4883dbe40fb1c4e0c4e2bf1e62f7aa1eebdab
  Fakery: de3356519c12b5a83e4b751f61257b61e3eb0628
  PlaceholderImages: ac5d291acf80939bdac2b8f4dce8eea031a77625
  RandomFactory: fc9df404b4e26045e4caf3f6cbcc5ffa811d36d6
  Runtime: 6b152eab4773d494041afe5480a84c91d86961b9
  RuntimeExtensions: 81580d0ecf987e49c8889758d968519c9e23e8f1

PODFILE CHECKSUM: 07514e07d301d17bc95445307aa73471113dea27

COCOAPODS: 1.5.0
