PODS:
  - Avatars (0.1.1)
  - Codability (0.2.1)
  - CodableExtensions (1.0.8):
    - Codability
    - RuntimeExtensions
  - Fakery (5.1.0)
  - PlaceholderImages (1.0.0)
  - RandomFactory (0.1.1):
    - Avatars
    - CodableExtensions
    - Fakery
    - PlaceholderImages
  - Runtime (2.2.2)
  - RuntimeExtensions (0.1.6):
    - Runtime

DEPENDENCIES:
  - Avatars (from `https://github.com/Appsaurus/Avatars`)
  - Codability (from `https://github.com/Appsaurus/Codability`)
  - CodableExtensions (from `https://github.com/Appsaurus/CodableExtensions`)
  - PlaceholderImages (from `https://github.com/Appsaurus/PlaceholderImages`)
  - RandomFactory (from `../../`)
  - RuntimeExtensions (from `https://github.com/Appsaurus/RuntimeExtensions`)

SPEC REPOS:
  trunk:
    - Fakery
    - Runtime

EXTERNAL SOURCES:
  Avatars:
    :git: https://github.com/Appsaurus/Avatars
  Codability:
    :git: https://github.com/Appsaurus/Codability
  CodableExtensions:
    :git: https://github.com/Appsaurus/CodableExtensions
  PlaceholderImages:
    :git: https://github.com/Appsaurus/PlaceholderImages
  RandomFactory:
    :path: "../../"
  RuntimeExtensions:
    :git: https://github.com/Appsaurus/RuntimeExtensions

CHECKOUT OPTIONS:
  Avatars:
    :commit: f9d00e4cc330dfc86c0bf92092249ab84ef82287
    :git: https://github.com/Appsaurus/Avatars
  Codability:
    :commit: 55afc374ab844cc0363d44cc2c543ffb9cf05a3f
    :git: https://github.com/Appsaurus/Codability
  CodableExtensions:
    :commit: 281dba14bbb7a4dfba3a2b1c72f7b9407e15ddab
    :git: https://github.com/Appsaurus/CodableExtensions
  PlaceholderImages:
    :commit: f04b9a60eff34432c4edaa082dad8de316d1a60b
    :git: https://github.com/Appsaurus/PlaceholderImages
  RuntimeExtensions:
    :commit: f47b6e7e21e0fb5dc5785b77a1cac9a35dbe28e3
    :git: https://github.com/Appsaurus/RuntimeExtensions

SPEC CHECKSUMS:
  Avatars: f5053a48fa9cfaf33826fe4b6616ae6a9706d776
  Codability: 4bd943d208a0699c15d63575a189c420d5773aaa
  CodableExtensions: 9098b4933a7e7493702abb84385bf78c911352b8
  Fakery: a90caff00ca5cacde6c161c3eafc72314a03d34d
  PlaceholderImages: ac5d291acf80939bdac2b8f4dce8eea031a77625
  RandomFactory: 40757053be1882e473c1f8de403d1b693fcafca9
  Runtime: 67741bd196fb4ad821c4d259ccc527bf734d8806
  RuntimeExtensions: ec79699194368fb65244ccb3c2ec294903ecf1ca

PODFILE CHECKSUM: 6db31848b52393fe576e3edb187d367ff7c50a6d

COCOAPODS: 1.10.1
